
Microsoft Visual Studio Solution File, Format Version 12.00
# Visual Studio 15
VisualStudioVersion = 15.0.28307.572
MinimumVisualStudioVersion = 10.0.40219.1
Project("{FAE04EC0-301F-11D3-BF4B-00C04F79EFBC}") = "Module2_1", "Module2_1\Module2_1.csproj", "{7217DF94-251F-4661-80AC-E3573499550D}"
EndProject
Global
	GlobalSection(SolutionConfigurationPlatforms) = preSolution
		Debug|Any CPU = Debug|Any CPU
		Release|Any CPU = Release|Any CPU
	EndGlobalSection
	GlobalSection(ProjectConfigurationPlatforms) = postSolution
		{7217DF94-251F-4661-80AC-E3573499550D}.Debug|Any CPU.ActiveCfg = Debug|Any CPU
		{7217DF94-251F-4661-80AC-E3573499550D}.Debug|Any CPU.Build.0 = Debug|Any CPU
		{7217DF94-251F-4661-80AC-E3573499550D}.Release|Any CPU.ActiveCfg = Release|Any CPU
		{7217DF94-251F-4661-80AC-E3573499550D}.Release|Any CPU.Build.0 = Release|Any CPU
	EndGlobalSection
	GlobalSection(SolutionProperties) = preSolution
		HideSolutionNode = FALSE
	EndGlobalSection
	GlobalSection(ExtensibilityGlobals) = postSolution
		SolutionGuid = {27E54B0E-2673-445C-B61C-3A7BF646733A}
	EndGlobalSection
EndGlobal
