
Microsoft Visual Studio Solution File, Format Version 12.00
# Visual Studio 15
VisualStudioVersion = 15.0.28307.572
MinimumVisualStudioVersion = 10.0.40219.1
Project("{FAE04EC0-301F-11D3-BF4B-00C04F79EFBC}") = "Moduel3_6", "Moduel3_6\Moduel3_6.csproj", "{42309691-CB47-4CF8-8B4D-86AC5D2F3F9B}"
EndProject
Global
	GlobalSection(SolutionConfigurationPlatforms) = preSolution
		Debug|Any CPU = Debug|Any CPU
		Release|Any CPU = Release|Any CPU
	EndGlobalSection
	GlobalSection(ProjectConfigurationPlatforms) = postSolution
		{42309691-CB47-4CF8-8B4D-86AC5D2F3F9B}.Debug|Any CPU.ActiveCfg = Debug|Any CPU
		{42309691-CB47-4CF8-8B4D-86AC5D2F3F9B}.Debug|Any CPU.Build.0 = Debug|Any CPU
		{42309691-CB47-4CF8-8B4D-86AC5D2F3F9B}.Release|Any CPU.ActiveCfg = Release|Any CPU
		{42309691-CB47-4CF8-8B4D-86AC5D2F3F9B}.Release|Any CPU.Build.0 = Release|Any CPU
	EndGlobalSection
	GlobalSection(SolutionProperties) = preSolution
		HideSolutionNode = FALSE
	EndGlobalSection
	GlobalSection(ExtensibilityGlobals) = postSolution
		SolutionGuid = {F63E565A-B6BE-41BA-90B7-B42D8A3460AC}
	EndGlobalSection
EndGlobal
