
Microsoft Visual Studio Solution File, Format Version 12.00
# Visual Studio 15
VisualStudioVersion = 15.0.28307.572
MinimumVisualStudioVersion = 10.0.40219.1
Project("{FAE04EC0-301F-11D3-BF4B-00C04F79EFBC}") = "Module3_3", "Module3_3\Module3_3.csproj", "{595A6A4A-CF78-44B4-AEDD-EF04582012A2}"
EndProject
Global
	GlobalSection(SolutionConfigurationPlatforms) = preSolution
		Debug|Any CPU = Debug|Any CPU
		Release|Any CPU = Release|Any CPU
	EndGlobalSection
	GlobalSection(ProjectConfigurationPlatforms) = postSolution
		{595A6A4A-CF78-44B4-AEDD-EF04582012A2}.Debug|Any CPU.ActiveCfg = Debug|Any CPU
		{595A6A4A-CF78-44B4-AEDD-EF04582012A2}.Debug|Any CPU.Build.0 = Debug|Any CPU
		{595A6A4A-CF78-44B4-AEDD-EF04582012A2}.Release|Any CPU.ActiveCfg = Release|Any CPU
		{595A6A4A-CF78-44B4-AEDD-EF04582012A2}.Release|Any CPU.Build.0 = Release|Any CPU
	EndGlobalSection
	GlobalSection(SolutionProperties) = preSolution
		HideSolutionNode = FALSE
	EndGlobalSection
	GlobalSection(ExtensibilityGlobals) = postSolution
		SolutionGuid = {3516780A-B0FB-4E2A-AC12-CB520901C28E}
	EndGlobalSection
EndGlobal
