
Microsoft Visual Studio Solution File, Format Version 12.00
# Visual Studio 15
VisualStudioVersion = 15.0.28307.572
MinimumVisualStudioVersion = 10.0.40219.1
Project("{FAE04EC0-301F-11D3-BF4B-00C04F79EFBC}") = "Module4_6", "Module4_6\Module4_6.csproj", "{14313C03-7E2D-4756-8F51-8E8E946E7E77}"
EndProject
Global
	GlobalSection(SolutionConfigurationPlatforms) = preSolution
		Debug|Any CPU = Debug|Any CPU
		Release|Any CPU = Release|Any CPU
	EndGlobalSection
	GlobalSection(ProjectConfigurationPlatforms) = postSolution
		{14313C03-7E2D-4756-8F51-8E8E946E7E77}.Debug|Any CPU.ActiveCfg = Debug|Any CPU
		{14313C03-7E2D-4756-8F51-8E8E946E7E77}.Debug|Any CPU.Build.0 = Debug|Any CPU
		{14313C03-7E2D-4756-8F51-8E8E946E7E77}.Release|Any CPU.ActiveCfg = Release|Any CPU
		{14313C03-7E2D-4756-8F51-8E8E946E7E77}.Release|Any CPU.Build.0 = Release|Any CPU
	EndGlobalSection
	GlobalSection(SolutionProperties) = preSolution
		HideSolutionNode = FALSE
	EndGlobalSection
	GlobalSection(ExtensibilityGlobals) = postSolution
		SolutionGuid = {ECA224E3-91BE-4274-AD12-445A596F148A}
	EndGlobalSection
EndGlobal
